
Microsoft Visual Studio Solution File, Format Version 12.00
# Visual Studio Version 16
VisualStudioVersion = 16.0.29728.190
MinimumVisualStudioVersion = 10.0.40219.1
Project("{FAE04EC0-301F-11D3-BF4B-00C04F79EFBC}") = "NetCoreSockets", "NetCoreSockets\NetCoreSockets.csproj", "{4444A490-FFE9-4761-9C63-EA5DD5CD0705}"
EndProject
Global
	GlobalSection(SolutionConfigurationPlatforms) = preSolution
		Debug|Any CPU = Debug|Any CPU
		Release|Any CPU = Release|Any CPU
	EndGlobalSection
	GlobalSection(ProjectConfigurationPlatforms) = postSolution
		{4444A490-FFE9-4761-9C63-EA5DD5CD0705}.Debug|Any CPU.ActiveCfg = Debug|Any CPU
		{4444A490-FFE9-4761-9C63-EA5DD5CD0705}.Debug|Any CPU.Build.0 = Debug|Any CPU
		{4444A490-FFE9-4761-9C63-EA5DD5CD0705}.Release|Any CPU.ActiveCfg = Release|Any CPU
		{4444A490-FFE9-4761-9C63-EA5DD5CD0705}.Release|Any CPU.Build.0 = Release|Any CPU
	EndGlobalSection
	GlobalSection(SolutionProperties) = preSolution
		HideSolutionNode = FALSE
	EndGlobalSection
	GlobalSection(ExtensibilityGlobals) = postSolution
		SolutionGuid = {3CC23A24-599F-46E2-9D1C-D22F38CDFF69}
	EndGlobalSection
EndGlobal
